
Microsoft Visual Studio Solution File, Format Version 12.00
# Visual Studio Version 17
VisualStudioVersion = 17.7.34024.191
MinimumVisualStudioVersion = 10.0.40219.1
Project("{FAE04EC0-301F-11D3-BF4B-00C04F79EFBC}") = "TimesTableTester", "TimesTableTester\TimesTableTester.csproj", "{5FF71882-9F91-40B8-B42F-63D35C213D7A}"
EndProject
Global
	GlobalSection(SolutionConfigurationPlatforms) = preSolution
		Debug|Any CPU = Debug|Any CPU
		Release|Any CPU = Release|Any CPU
	EndGlobalSection
	GlobalSection(ProjectConfigurationPlatforms) = postSolution
		{5FF71882-9F91-40B8-B42F-63D35C213D7A}.Debug|Any CPU.ActiveCfg = Debug|Any CPU
		{5FF71882-9F91-40B8-B42F-63D35C213D7A}.Debug|Any CPU.Build.0 = Debug|Any CPU
		{5FF71882-9F91-40B8-B42F-63D35C213D7A}.Release|Any CPU.ActiveCfg = Release|Any CPU
		{5FF71882-9F91-40B8-B42F-63D35C213D7A}.Release|Any CPU.Build.0 = Release|Any CPU
	EndGlobalSection
	GlobalSection(SolutionProperties) = preSolution
		HideSolutionNode = FALSE
	EndGlobalSection
	GlobalSection(ExtensibilityGlobals) = postSolution
		SolutionGuid = {28E76C72-1B63-4973-B087-5AFDF2D4B86B}
	EndGlobalSection
EndGlobal
